
Microsoft Visual Studio Solution File, Format Version 12.00
# Visual Studio Version 16
VisualStudioVersion = 16.0.31025.194
MinimumVisualStudioVersion = 10.0.40219.1
Project("{9A19103F-16F7-4668-BE54-9A1E7A4F7556}") = "MEGABDDFramework", "MEGABDDFramework\MEGABDDFramework.csproj", "{4CE539FB-1750-4448-B12F-5C1F1A107060}"
EndProject
Global
	GlobalSection(SolutionConfigurationPlatforms) = preSolution
		Debug|Any CPU = Debug|Any CPU
		Release|Any CPU = Release|Any CPU
	EndGlobalSection
	GlobalSection(ProjectConfigurationPlatforms) = postSolution
		{4CE539FB-1750-4448-B12F-5C1F1A107060}.Debug|Any CPU.ActiveCfg = Debug|Any CPU
		{4CE539FB-1750-4448-B12F-5C1F1A107060}.Debug|Any CPU.Build.0 = Debug|Any CPU
		{4CE539FB-1750-4448-B12F-5C1F1A107060}.Release|Any CPU.ActiveCfg = Release|Any CPU
		{4CE539FB-1750-4448-B12F-5C1F1A107060}.Release|Any CPU.Build.0 = Release|Any CPU
	EndGlobalSection
	GlobalSection(SolutionProperties) = preSolution
		HideSolutionNode = FALSE
	EndGlobalSection
	GlobalSection(ExtensibilityGlobals) = postSolution
		SolutionGuid = {937EF0CE-2B18-465B-AD91-09157CAF8C74}
	EndGlobalSection
EndGlobal
